
Microsoft Visual Studio Solution File, Format Version 12.00
# Visual Studio Version 17
VisualStudioVersion = 17.3.32929.385
MinimumVisualStudioVersion = 10.0.40219.1
Project("{FAE04EC0-301F-11D3-BF4B-00C04F79EFBC}") = "SnakeAndLadder", "SnakeAndLadder.csproj", "{A03E4F37-3C39-4EE3-92F2-81232571CCD9}"
EndProject
Global
	GlobalSection(SolutionConfigurationPlatforms) = preSolution
		Debug|Any CPU = Debug|Any CPU
		Release|Any CPU = Release|Any CPU
	EndGlobalSection
	GlobalSection(ProjectConfigurationPlatforms) = postSolution
		{A03E4F37-3C39-4EE3-92F2-81232571CCD9}.Debug|Any CPU.ActiveCfg = Debug|Any CPU
		{A03E4F37-3C39-4EE3-92F2-81232571CCD9}.Debug|Any CPU.Build.0 = Debug|Any CPU
		{A03E4F37-3C39-4EE3-92F2-81232571CCD9}.Release|Any CPU.ActiveCfg = Release|Any CPU
		{A03E4F37-3C39-4EE3-92F2-81232571CCD9}.Release|Any CPU.Build.0 = Release|Any CPU
	EndGlobalSection
	GlobalSection(SolutionProperties) = preSolution
		HideSolutionNode = FALSE
	EndGlobalSection
	GlobalSection(ExtensibilityGlobals) = postSolution
		SolutionGuid = {50CC97FC-6E8D-419C-AA96-AF57BF1875A9}
	EndGlobalSection
EndGlobal
